// !$*UTF8*$!
{
	archiveVersion = 1;
	classes = {
	};
	objectVersion = 56;
	objects = {

/* Begin PBXBuildFile section */
		EB4D273D2AE0F79F004922BC /* MovieDBApp.swift in Sources */ = {isa = PBXBuildFile; fileRef = EB4D273C2AE0F79F004922BC /* MovieDBApp.swift */; };
		EB4D273F2AE0F79F004922BC /* ContentView.swift in Sources */ = {isa = PBXBuildFile; fileRef = EB4D273E2AE0F79F004922BC /* ContentView.swift */; };
		EB4D27412AE0F7A0004922BC /* Assets.xcassets in Resources */ = {isa = PBXBuildFile; fileRef = EB4D27402AE0F7A0004922BC /* Assets.xcassets */; };
		EB4D27442AE0F7A0004922BC /* Preview Assets.xcassets in Resources */ = {isa = PBXBuildFile; fileRef = EB4D27432AE0F7A0004922BC /* Preview Assets.xcassets */; };
		EB4D274D2AE14FB2004922BC /* MovieDetail.swift in Sources */ = {isa = PBXBuildFile; fileRef = EB4D274C2AE14FB2004922BC /* MovieDetail.swift */; };
		EB4D274F2AE15473004922BC /* MovieStats.swift in Sources */ = {isa = PBXBuildFile; fileRef = EB4D274E2AE15473004922BC /* MovieStats.swift */; };
		EB4D27512AE15F61004922BC /* MovieDescription.swift in Sources */ = {isa = PBXBuildFile; fileRef = EB4D27502AE15F61004922BC /* MovieDescription.swift */; };
		EB4D27532AE16049004922BC /* Constants.swift in Sources */ = {isa = PBXBuildFile; fileRef = EB4D27522AE16049004922BC /* Constants.swift */; };
		EB4D275A2AE1772D004922BC /* Movie.swift in Sources */ = {isa = PBXBuildFile; fileRef = EB4D27592AE1772D004922BC /* Movie.swift */; };
		EB4D275E2AE1828B004922BC /* MovieListModel.swift in Sources */ = {isa = PBXBuildFile; fileRef = EB4D275D2AE1828B004922BC /* MovieListModel.swift */; };
		EB4D27632AE183E8004922BC /* AppConstants.swift in Sources */ = {isa = PBXBuildFile; fileRef = EB4D27622AE183E8004922BC /* AppConstants.swift */; };
		EB4D27672AE1856C004922BC /* RequestHandler.swift in Sources */ = {isa = PBXBuildFile; fileRef = EB4D27662AE1856C004922BC /* RequestHandler.swift */; };
		EB4D27692AE1C306004922BC /* MovieList.swift in Sources */ = {isa = PBXBuildFile; fileRef = EB4D27682AE1C306004922BC /* MovieList.swift */; };
		EB4D276B2AE23BF4004922BC /* MovieRow.swift in Sources */ = {isa = PBXBuildFile; fileRef = EB4D276A2AE23BF4004922BC /* MovieRow.swift */; };
		EB51BD792AE2E35F0025CD03 /* RoundedRectangleImage.swift in Sources */ = {isa = PBXBuildFile; fileRef = EB51BD782AE2E35F0025CD03 /* RoundedRectangleImage.swift */; };
		EBD2953B2AE5203C00F07821 /* ErrorDisplay.swift in Sources */ = {isa = PBXBuildFile; fileRef = EBD2953A2AE5203C00F07821 /* ErrorDisplay.swift */; };
		EBD2953D2AE5271100F07821 /* PageControll.swift in Sources */ = {isa = PBXBuildFile; fileRef = EBD2953C2AE5271100F07821 /* PageControll.swift */; };
		EBD295452AE52E6F00F07821 /* GoBackButton.swift in Sources */ = {isa = PBXBuildFile; fileRef = EBD295442AE52E6F00F07821 /* GoBackButton.swift */; };
		EBD295472AE52E8000F07821 /* GoNextButton.swift in Sources */ = {isa = PBXBuildFile; fileRef = EBD295462AE52E8000F07821 /* GoNextButton.swift */; };
		EBD2954F2AE5633300F07821 /* SearchBar.swift in Sources */ = {isa = PBXBuildFile; fileRef = EBD2954E2AE5633300F07821 /* SearchBar.swift */; };
		EBE70A6C2AE42E4C00840DC3 /* HomePage.swift in Sources */ = {isa = PBXBuildFile; fileRef = EBE70A6B2AE42E4C00840DC3 /* HomePage.swift */; };
		EBE70A6E2AE4308C00840DC3 /* LoadingPage.swift in Sources */ = {isa = PBXBuildFile; fileRef = EBE70A6D2AE4308C00840DC3 /* LoadingPage.swift */; };
/* End PBXBuildFile section */

/* Begin PBXFileReference section */
		EB4D27392AE0F79F004922BC /* MovieDB.app */ = {isa = PBXFileReference; explicitFileType = wrapper.application; includeInIndex = 0; path = MovieDB.app; sourceTree = BUILT_PRODUCTS_DIR; };
		EB4D273C2AE0F79F004922BC /* MovieDBApp.swift */ = {isa = PBXFileReference; lastKnownFileType = sourcecode.swift; path = MovieDBApp.swift; sourceTree = "<group>"; };
		EB4D273E2AE0F79F004922BC /* ContentView.swift */ = {isa = PBXFileReference; lastKnownFileType = sourcecode.swift; path = ContentView.swift; sourceTree = "<group>"; };
		EB4D27402AE0F7A0004922BC /* Assets.xcassets */ = {isa = PBXFileReference; lastKnownFileType = folder.assetcatalog; path = Assets.xcassets; sourceTree = "<group>"; };
		EB4D27432AE0F7A0004922BC /* Preview Assets.xcassets */ = {isa = PBXFileReference; lastKnownFileType = folder.assetcatalog; path = "Preview Assets.xcassets"; sourceTree = "<group>"; };
		EB4D274C2AE14FB2004922BC /* MovieDetail.swift */ = {isa = PBXFileReference; lastKnownFileType = sourcecode.swift; path = MovieDetail.swift; sourceTree = "<group>"; };
		EB4D274E2AE15473004922BC /* MovieStats.swift */ = {isa = PBXFileReference; lastKnownFileType = sourcecode.swift; path = MovieStats.swift; sourceTree = "<group>"; };
		EB4D27502AE15F61004922BC /* MovieDescription.swift */ = {isa = PBXFileReference; lastKnownFileType = sourcecode.swift; path = MovieDescription.swift; sourceTree = "<group>"; };
		EB4D27522AE16049004922BC /* Constants.swift */ = {isa = PBXFileReference; lastKnownFileType = sourcecode.swift; path = Constants.swift; sourceTree = "<group>"; };
		EB4D27592AE1772D004922BC /* Movie.swift */ = {isa = PBXFileReference; lastKnownFileType = sourcecode.swift; path = Movie.swift; sourceTree = "<group>"; };
		EB4D275D2AE1828B004922BC /* MovieListModel.swift */ = {isa = PBXFileReference; lastKnownFileType = sourcecode.swift; path = MovieListModel.swift; sourceTree = "<group>"; };
		EB4D27622AE183E8004922BC /* AppConstants.swift */ = {isa = PBXFileReference; lastKnownFileType = sourcecode.swift; path = AppConstants.swift; sourceTree = "<group>"; };
		EB4D27662AE1856C004922BC /* RequestHandler.swift */ = {isa = PBXFileReference; lastKnownFileType = sourcecode.swift; path = RequestHandler.swift; sourceTree = "<group>"; };
		EB4D27682AE1C306004922BC /* MovieList.swift */ = {isa = PBXFileReference; lastKnownFileType = sourcecode.swift; path = MovieList.swift; sourceTree = "<group>"; };
		EB4D276A2AE23BF4004922BC /* MovieRow.swift */ = {isa = PBXFileReference; lastKnownFileType = sourcecode.swift; path = MovieRow.swift; sourceTree = "<group>"; };
		EB51BD782AE2E35F0025CD03 /* RoundedRectangleImage.swift */ = {isa = PBXFileReference; lastKnownFileType = sourcecode.swift; path = RoundedRectangleImage.swift; sourceTree = "<group>"; };
		EBD2953A2AE5203C00F07821 /* ErrorDisplay.swift */ = {isa = PBXFileReference; lastKnownFileType = sourcecode.swift; path = ErrorDisplay.swift; sourceTree = "<group>"; };
		EBD2953C2AE5271100F07821 /* PageControll.swift */ = {isa = PBXFileReference; lastKnownFileType = sourcecode.swift; path = PageControll.swift; sourceTree = "<group>"; };
		EBD295442AE52E6F00F07821 /* GoBackButton.swift */ = {isa = PBXFileReference; lastKnownFileType = sourcecode.swift; path = GoBackButton.swift; sourceTree = "<group>"; };
		EBD295462AE52E8000F07821 /* GoNextButton.swift */ = {isa = PBXFileReference; lastKnownFileType = sourcecode.swift; path = GoNextButton.swift; sourceTree = "<group>"; };
		EBD2954E2AE5633300F07821 /* SearchBar.swift */ = {isa = PBXFileReference; lastKnownFileType = sourcecode.swift; path = SearchBar.swift; sourceTree = "<group>"; };
		EBE70A6B2AE42E4C00840DC3 /* HomePage.swift */ = {isa = PBXFileReference; lastKnownFileType = sourcecode.swift; path = HomePage.swift; sourceTree = "<group>"; };
		EBE70A6D2AE4308C00840DC3 /* LoadingPage.swift */ = {isa = PBXFileReference; lastKnownFileType = sourcecode.swift; path = LoadingPage.swift; sourceTree = "<group>"; };
/* End PBXFileReference section */

/* Begin PBXFrameworksBuildPhase section */
		EB4D27362AE0F79F004922BC /* Frameworks */ = {
			isa = PBXFrameworksBuildPhase;
			buildActionMask = 2147483647;
			files = (
			);
			runOnlyForDeploymentPostprocessing = 0;
		};
/* End PBXFrameworksBuildPhase section */

/* Begin PBXGroup section */
		EB4D27302AE0F79F004922BC = {
			isa = PBXGroup;
			children = (
				EB4D273B2AE0F79F004922BC /* MovieDB */,
				EB4D273A2AE0F79F004922BC /* Products */,
			);
			sourceTree = "<group>";
		};
		EB4D273A2AE0F79F004922BC /* Products */ = {
			isa = PBXGroup;
			children = (
				EB4D27392AE0F79F004922BC /* MovieDB.app */,
			);
			name = Products;
			sourceTree = "<group>";
		};
		EB4D273B2AE0F79F004922BC /* MovieDB */ = {
			isa = PBXGroup;
			children = (
				EB4D273C2AE0F79F004922BC /* MovieDBApp.swift */,
				EB4D273E2AE0F79F004922BC /* ContentView.swift */,
				EB4D27562AE16271004922BC /* Constants */,
				EB4D27612AE183C6004922BC /* Views */,
				EB4D275F2AE18344004922BC /* Networking */,
				EB4D27582AE162F1004922BC /* Movie List Model */,
				EB4D27402AE0F7A0004922BC /* Assets.xcassets */,
				EB4D27422AE0F7A0004922BC /* Preview Content */,
			);
			path = MovieDB;
			sourceTree = "<group>";
		};
		EB4D27422AE0F7A0004922BC /* Preview Content */ = {
			isa = PBXGroup;
			children = (
				EB4D27432AE0F7A0004922BC /* Preview Assets.xcassets */,
			);
			path = "Preview Content";
			sourceTree = "<group>";
		};
		EB4D27542AE16224004922BC /* Movie Detail View */ = {
			isa = PBXGroup;
			children = (
				EB4D27552AE1624A004922BC /* Components */,
				EB4D274C2AE14FB2004922BC /* MovieDetail.swift */,
			);
			path = "Movie Detail View";
			sourceTree = "<group>";
		};
		EB4D27552AE1624A004922BC /* Components */ = {
			isa = PBXGroup;
			children = (
				EB4D274E2AE15473004922BC /* MovieStats.swift */,
				EB4D27502AE15F61004922BC /* MovieDescription.swift */,
			);
			path = Components;
			sourceTree = "<group>";
		};
		EB4D27562AE16271004922BC /* Constants */ = {
			isa = PBXGroup;
			children = (
				EB4D27522AE16049004922BC /* Constants.swift */,
				EB4D27622AE183E8004922BC /* AppConstants.swift */,
			);
			path = Constants;
			sourceTree = "<group>";
		};
		EB4D27582AE162F1004922BC /* Movie List Model */ = {
			isa = PBXGroup;
			children = (
				EB4D275B2AE18259004922BC /* Data */,
				EB4D275D2AE1828B004922BC /* MovieListModel.swift */,
			);
			path = "Movie List Model";
			sourceTree = "<group>";
		};
		EB4D275B2AE18259004922BC /* Data */ = {
			isa = PBXGroup;
			children = (
				EB4D27592AE1772D004922BC /* Movie.swift */,
			);
			path = Data;
			sourceTree = "<group>";
		};
		EB4D275F2AE18344004922BC /* Networking */ = {
			isa = PBXGroup;
			children = (
				EB4D27662AE1856C004922BC /* RequestHandler.swift */,
			);
			path = Networking;
			sourceTree = "<group>";
		};
		EB4D27602AE183B8004922BC /* Movie List View */ = {
			isa = PBXGroup;
			children = (
				EB4D276C2AE240C6004922BC /* Conponents */,
				EB4D27682AE1C306004922BC /* MovieList.swift */,
			);
			path = "Movie List View";
			sourceTree = "<group>";
		};
		EB4D27612AE183C6004922BC /* Views */ = {
			isa = PBXGroup;
			children = (
				EB4D27542AE16224004922BC /* Movie Detail View */,
				EBD295482AE53F6700F07821 /* Home Page View */,
				EB51BD772AE2DE0F0025CD03 /* Reusable Componenets */,
			);
			path = Views;
			sourceTree = "<group>";
		};
		EB4D276C2AE240C6004922BC /* Conponents */ = {
			isa = PBXGroup;
			children = (
				EB4D276A2AE23BF4004922BC /* MovieRow.swift */,
			);
			path = Conponents;
			sourceTree = "<group>";
		};
		EB51BD772AE2DE0F0025CD03 /* Reusable Componenets */ = {
			isa = PBXGroup;
			children = (
				EBD2953A2AE5203C00F07821 /* ErrorDisplay.swift */,
				EBE70A6D2AE4308C00840DC3 /* LoadingPage.swift */,
				EB51BD782AE2E35F0025CD03 /* RoundedRectangleImage.swift */,
			);
			path = "Reusable Componenets";
			sourceTree = "<group>";
		};
		EBD295482AE53F6700F07821 /* Home Page View */ = {
			isa = PBXGroup;
			children = (
				EBD2954D2AE562F100F07821 /* Search Movie View */,
				EB4D27602AE183B8004922BC /* Movie List View */,
				EBD295492AE53F8100F07821 /* Page Controller View */,
				EBE70A6B2AE42E4C00840DC3 /* HomePage.swift */,
			);
			path = "Home Page View";
			sourceTree = "<group>";
		};
		EBD295492AE53F8100F07821 /* Page Controller View */ = {
			isa = PBXGroup;
			children = (
				EBD2954A2AE53FD000F07821 /* Components */,
				EBD2953C2AE5271100F07821 /* PageControll.swift */,
			);
			path = "Page Controller View";
			sourceTree = "<group>";
		};
		EBD2954A2AE53FD000F07821 /* Components */ = {
			isa = PBXGroup;
			children = (
				EBD295462AE52E8000F07821 /* GoNextButton.swift */,
				EBD295442AE52E6F00F07821 /* GoBackButton.swift */,
			);
			path = Components;
			sourceTree = "<group>";
		};
		EBD2954D2AE562F100F07821 /* Search Movie View */ = {
			isa = PBXGroup;
			children = (
				EBD2954E2AE5633300F07821 /* SearchBar.swift */,
			);
			path = "Search Movie View";
			sourceTree = "<group>";
		};
/* End PBXGroup section */

/* Begin PBXNativeTarget section */
		EB4D27382AE0F79F004922BC /* MovieDB */ = {
			isa = PBXNativeTarget;
			buildConfigurationList = EB4D27472AE0F7A0004922BC /* Build configuration list for PBXNativeTarget "MovieDB" */;
			buildPhases = (
				EB4D27352AE0F79F004922BC /* Sources */,
				EB4D27362AE0F79F004922BC /* Frameworks */,
				EB4D27372AE0F79F004922BC /* Resources */,
			);
			buildRules = (
			);
			dependencies = (
			);
			name = MovieDB;
			productName = MovieDB;
			productReference = EB4D27392AE0F79F004922BC /* MovieDB.app */;
			productType = "com.apple.product-type.application";
		};
/* End PBXNativeTarget section */

/* Begin PBXProject section */
		EB4D27312AE0F79F004922BC /* Project object */ = {
			isa = PBXProject;
			attributes = {
				BuildIndependentTargetsInParallel = 1;
				LastSwiftUpdateCheck = 1430;
				LastUpgradeCheck = 1430;
				TargetAttributes = {
					EB4D27382AE0F79F004922BC = {
						CreatedOnToolsVersion = 14.3.1;
					};
				};
			};
			buildConfigurationList = EB4D27342AE0F79F004922BC /* Build configuration list for PBXProject "MovieDB" */;
			compatibilityVersion = "Xcode 14.0";
			developmentRegion = en;
			hasScannedForEncodings = 0;
			knownRegions = (
				en,
				Base,
			);
			mainGroup = EB4D27302AE0F79F004922BC;
			productRefGroup = EB4D273A2AE0F79F004922BC /* Products */;
			projectDirPath = "";
			projectRoot = "";
			targets = (
				EB4D27382AE0F79F004922BC /* MovieDB */,
			);
		};
/* End PBXProject section */

/* Begin PBXResourcesBuildPhase section */
		EB4D27372AE0F79F004922BC /* Resources */ = {
			isa = PBXResourcesBuildPhase;
			buildActionMask = 2147483647;
			files = (
				EB4D27442AE0F7A0004922BC /* Preview Assets.xcassets in Resources */,
				EB4D27412AE0F7A0004922BC /* Assets.xcassets in Resources */,
			);
			runOnlyForDeploymentPostprocessing = 0;
		};
/* End PBXResourcesBuildPhase section */

/* Begin PBXSourcesBuildPhase section */
		EB4D27352AE0F79F004922BC /* Sources */ = {
			isa = PBXSourcesBuildPhase;
			buildActionMask = 2147483647;
			files = (
				EB4D275E2AE1828B004922BC /* MovieListModel.swift in Sources */,
				EB4D276B2AE23BF4004922BC /* MovieRow.swift in Sources */,
				EB4D27672AE1856C004922BC /* RequestHandler.swift in Sources */,
				EB4D273F2AE0F79F004922BC /* ContentView.swift in Sources */,
				EBD2953B2AE5203C00F07821 /* ErrorDisplay.swift in Sources */,
				EB4D27512AE15F61004922BC /* MovieDescription.swift in Sources */,
				EBD295452AE52E6F00F07821 /* GoBackButton.swift in Sources */,
				EB4D274F2AE15473004922BC /* MovieStats.swift in Sources */,
				EBE70A6E2AE4308C00840DC3 /* LoadingPage.swift in Sources */,
				EBD2953D2AE5271100F07821 /* PageControll.swift in Sources */,
				EB4D27692AE1C306004922BC /* MovieList.swift in Sources */,
				EB4D27532AE16049004922BC /* Constants.swift in Sources */,
				EB51BD792AE2E35F0025CD03 /* RoundedRectangleImage.swift in Sources */,
				EBE70A6C2AE42E4C00840DC3 /* HomePage.swift in Sources */,
				EB4D273D2AE0F79F004922BC /* MovieDBApp.swift in Sources */,
				EB4D275A2AE1772D004922BC /* Movie.swift in Sources */,
				EB4D274D2AE14FB2004922BC /* MovieDetail.swift in Sources */,
				EBD2954F2AE5633300F07821 /* SearchBar.swift in Sources */,
				EBD295472AE52E8000F07821 /* GoNextButton.swift in Sources */,
				EB4D27632AE183E8004922BC /* AppConstants.swift in Sources */,
			);
			runOnlyForDeploymentPostprocessing = 0;
		};
/* End PBXSourcesBuildPhase section */

/* Begin XCBuildConfiguration section */
		EB4D27452AE0F7A0004922BC /* Debug */ = {
			isa = XCBuildConfiguration;
			buildSettings = {
				ALWAYS_SEARCH_USER_PATHS = NO;
				CLANG_ANALYZER_NONNULL = YES;
				CLANG_ANALYZER_NUMBER_OBJECT_CONVERSION = YES_AGGRESSIVE;
				CLANG_CXX_LANGUAGE_STANDARD = "gnu++20";
				CLANG_ENABLE_MODULES = YES;
				CLANG_ENABLE_OBJC_ARC = YES;
				CLANG_ENABLE_OBJC_WEAK = YES;
				CLANG_WARN_BLOCK_CAPTURE_AUTORELEASING = YES;
				CLANG_WARN_BOOL_CONVERSION = YES;
				CLANG_WARN_COMMA = YES;
				CLANG_WARN_CONSTANT_CONVERSION = YES;
				CLANG_WARN_DEPRECATED_OBJC_IMPLEMENTATIONS = YES;
				CLANG_WARN_DIRECT_OBJC_ISA_USAGE = YES_ERROR;
				CLANG_WARN_DOCUMENTATION_COMMENTS = YES;
				CLANG_WARN_EMPTY_BODY = YES;
				CLANG_WARN_ENUM_CONVERSION = YES;
				CLANG_WARN_INFINITE_RECURSION = YES;
				CLANG_WARN_INT_CONVERSION = YES;
				CLANG_WARN_NON_LITERAL_NULL_CONVERSION = YES;
				CLANG_WARN_OBJC_IMPLICIT_RETAIN_SELF = YES;
				CLANG_WARN_OBJC_LITERAL_CONVERSION = YES;
				CLANG_WARN_OBJC_ROOT_CLASS = YES_ERROR;
				CLANG_WARN_QUOTED_INCLUDE_IN_FRAMEWORK_HEADER = YES;
				CLANG_WARN_RANGE_LOOP_ANALYSIS = YES;
				CLANG_WARN_STRICT_PROTOTYPES = YES;
				CLANG_WARN_SUSPICIOUS_MOVE = YES;
				CLANG_WARN_UNGUARDED_AVAILABILITY = YES_AGGRESSIVE;
				CLANG_WARN_UNREACHABLE_CODE = YES;
				CLANG_WARN__DUPLICATE_METHOD_MATCH = YES;
				COPY_PHASE_STRIP = NO;
				DEBUG_INFORMATION_FORMAT = dwarf;
				ENABLE_STRICT_OBJC_MSGSEND = YES;
				ENABLE_TESTABILITY = YES;
				GCC_C_LANGUAGE_STANDARD = gnu11;
				GCC_DYNAMIC_NO_PIC = NO;
				GCC_NO_COMMON_BLOCKS = YES;
				GCC_OPTIMIZATION_LEVEL = 0;
				GCC_PREPROCESSOR_DEFINITIONS = (
					"DEBUG=1",
					"$(inherited)",
				);
				GCC_WARN_64_TO_32_BIT_CONVERSION = YES;
				GCC_WARN_ABOUT_RETURN_TYPE = YES_ERROR;
				GCC_WARN_UNDECLARED_SELECTOR = YES;
				GCC_WARN_UNINITIALIZED_AUTOS = YES_AGGRESSIVE;
				GCC_WARN_UNUSED_FUNCTION = YES;
				GCC_WARN_UNUSED_VARIABLE = YES;
				IPHONEOS_DEPLOYMENT_TARGET = 16.4;
				MTL_ENABLE_DEBUG_INFO = INCLUDE_SOURCE;
				MTL_FAST_MATH = YES;
				ONLY_ACTIVE_ARCH = YES;
				SDKROOT = iphoneos;
				SWIFT_ACTIVE_COMPILATION_CONDITIONS = DEBUG;
				SWIFT_OPTIMIZATION_LEVEL = "-Onone";
			};
			name = Debug;
		};
		EB4D27462AE0F7A0004922BC /* Release */ = {
			isa = XCBuildConfiguration;
			buildSettings = {
				ALWAYS_SEARCH_USER_PATHS = NO;
				CLANG_ANALYZER_NONNULL = YES;
				CLANG_ANALYZER_NUMBER_OBJECT_CONVERSION = YES_AGGRESSIVE;
				CLANG_CXX_LANGUAGE_STANDARD = "gnu++20";
				CLANG_ENABLE_MODULES = YES;
				CLANG_ENABLE_OBJC_ARC = YES;
				CLANG_ENABLE_OBJC_WEAK = YES;
				CLANG_WARN_BLOCK_CAPTURE_AUTORELEASING = YES;
				CLANG_WARN_BOOL_CONVERSION = YES;
				CLANG_WARN_COMMA = YES;
				CLANG_WARN_CONSTANT_CONVERSION = YES;
				CLANG_WARN_DEPRECATED_OBJC_IMPLEMENTATIONS = YES;
				CLANG_WARN_DIRECT_OBJC_ISA_USAGE = YES_ERROR;
				CLANG_WARN_DOCUMENTATION_COMMENTS = YES;
				CLANG_WARN_EMPTY_BODY = YES;
				CLANG_WARN_ENUM_CONVERSION = YES;
				CLANG_WARN_INFINITE_RECURSION = YES;
				CLANG_WARN_INT_CONVERSION = YES;
				CLANG_WARN_NON_LITERAL_NULL_CONVERSION = YES;
				CLANG_WARN_OBJC_IMPLICIT_RETAIN_SELF = YES;
				CLANG_WARN_OBJC_LITERAL_CONVERSION = YES;
				CLANG_WARN_OBJC_ROOT_CLASS = YES_ERROR;
				CLANG_WARN_QUOTED_INCLUDE_IN_FRAMEWORK_HEADER = YES;
				CLANG_WARN_RANGE_LOOP_ANALYSIS = YES;
				CLANG_WARN_STRICT_PROTOTYPES = YES;
				CLANG_WARN_SUSPICIOUS_MOVE = YES;
				CLANG_WARN_UNGUARDED_AVAILABILITY = YES_AGGRESSIVE;
				CLANG_WARN_UNREACHABLE_CODE = YES;
				CLANG_WARN__DUPLICATE_METHOD_MATCH = YES;
				COPY_PHASE_STRIP = NO;
				DEBUG_INFORMATION_FORMAT = "dwarf-with-dsym";
				ENABLE_NS_ASSERTIONS = NO;
				ENABLE_STRICT_OBJC_MSGSEND = YES;
				GCC_C_LANGUAGE_STANDARD = gnu11;
				GCC_NO_COMMON_BLOCKS = YES;
				GCC_WARN_64_TO_32_BIT_CONVERSION = YES;
				GCC_WARN_ABOUT_RETURN_TYPE = YES_ERROR;
				GCC_WARN_UNDECLARED_SELECTOR = YES;
				GCC_WARN_UNINITIALIZED_AUTOS = YES_AGGRESSIVE;
				GCC_WARN_UNUSED_FUNCTION = YES;
				GCC_WARN_UNUSED_VARIABLE = YES;
				IPHONEOS_DEPLOYMENT_TARGET = 16.4;
				MTL_ENABLE_DEBUG_INFO = NO;
				MTL_FAST_MATH = YES;
				SDKROOT = iphoneos;
				SWIFT_COMPILATION_MODE = wholemodule;
				SWIFT_OPTIMIZATION_LEVEL = "-O";
				VALIDATE_PRODUCT = YES;
			};
			name = Release;
		};
		EB4D27482AE0F7A0004922BC /* Debug */ = {
			isa = XCBuildConfiguration;
			buildSettings = {
				ASSETCATALOG_COMPILER_APPICON_NAME = AppIcon;
				ASSETCATALOG_COMPILER_GLOBAL_ACCENT_COLOR_NAME = AccentColor;
				CODE_SIGN_STYLE = Automatic;
				CURRENT_PROJECT_VERSION = 1;
				DEVELOPMENT_ASSET_PATHS = "\"MovieDB/Preview Content\"";
				ENABLE_PREVIEWS = YES;
				GENERATE_INFOPLIST_FILE = YES;
				INFOPLIST_KEY_UIApplicationSceneManifest_Generation = YES;
				INFOPLIST_KEY_UIApplicationSupportsIndirectInputEvents = YES;
				INFOPLIST_KEY_UILaunchScreen_Generation = YES;
				INFOPLIST_KEY_UISupportedInterfaceOrientations_iPad = "UIInterfaceOrientationPortrait UIInterfaceOrientationPortraitUpsideDown UIInterfaceOrientationLandscapeLeft UIInterfaceOrientationLandscapeRight";
				INFOPLIST_KEY_UISupportedInterfaceOrientations_iPhone = "UIInterfaceOrientationPortrait UIInterfaceOrientationLandscapeLeft UIInterfaceOrientationLandscapeRight";
				LD_RUNPATH_SEARCH_PATHS = (
					"$(inherited)",
					"@executable_path/Frameworks",
				);
				MARKETING_VERSION = 1.0;
				PRODUCT_BUNDLE_IDENTIFIER = Trial.MovieDB;
				PRODUCT_NAME = "$(TARGET_NAME)";
				SWIFT_EMIT_LOC_STRINGS = YES;
				SWIFT_VERSION = 5.0;
				TARGETED_DEVICE_FAMILY = "1,2";
			};
			name = Debug;
		};
		EB4D27492AE0F7A0004922BC /* Release */ = {
			isa = XCBuildConfiguration;
			buildSettings = {
				ASSETCATALOG_COMPILER_APPICON_NAME = AppIcon;
				ASSETCATALOG_COMPILER_GLOBAL_ACCENT_COLOR_NAME = AccentColor;
				CODE_SIGN_STYLE = Automatic;
				CURRENT_PROJECT_VERSION = 1;
				DEVELOPMENT_ASSET_PATHS = "\"MovieDB/Preview Content\"";
				ENABLE_PREVIEWS = YES;
				GENERATE_INFOPLIST_FILE = YES;
				INFOPLIST_KEY_UIApplicationSceneManifest_Generation = YES;
				INFOPLIST_KEY_UIApplicationSupportsIndirectInputEvents = YES;
				INFOPLIST_KEY_UILaunchScreen_Generation = YES;
				INFOPLIST_KEY_UISupportedInterfaceOrientations_iPad = "UIInterfaceOrientationPortrait UIInterfaceOrientationPortraitUpsideDown UIInterfaceOrientationLandscapeLeft UIInterfaceOrientationLandscapeRight";
				INFOPLIST_KEY_UISupportedInterfaceOrientations_iPhone = "UIInterfaceOrientationPortrait UIInterfaceOrientationLandscapeLeft UIInterfaceOrientationLandscapeRight";
				LD_RUNPATH_SEARCH_PATHS = (
					"$(inherited)",
					"@executable_path/Frameworks",
				);
				MARKETING_VERSION = 1.0;
				PRODUCT_BUNDLE_IDENTIFIER = Trial.MovieDB;
				PRODUCT_NAME = "$(TARGET_NAME)";
				SWIFT_EMIT_LOC_STRINGS = YES;
				SWIFT_VERSION = 5.0;
				TARGETED_DEVICE_FAMILY = "1,2";
			};
			name = Release;
		};
/* End XCBuildConfiguration section */

/* Begin XCConfigurationList section */
		EB4D27342AE0F79F004922BC /* Build configuration list for PBXProject "MovieDB" */ = {
			isa = XCConfigurationList;
			buildConfigurations = (
				EB4D27452AE0F7A0004922BC /* Debug */,
				EB4D27462AE0F7A0004922BC /* Release */,
			);
			defaultConfigurationIsVisible = 0;
			defaultConfigurationName = Release;
		};
		EB4D27472AE0F7A0004922BC /* Build configuration list for PBXNativeTarget "MovieDB" */ = {
			isa = XCConfigurationList;
			buildConfigurations = (
				EB4D27482AE0F7A0004922BC /* Debug */,
				EB4D27492AE0F7A0004922BC /* Release */,
			);
			defaultConfigurationIsVisible = 0;
			defaultConfigurationName = Release;
		};
/* End XCConfigurationList section */
	};
	rootObject = EB4D27312AE0F79F004922BC /* Project object */;
}
